
Microsoft Visual Studio Solution File, Format Version 12.00
# Visual Studio Version 17
VisualStudioVersion = 17.1.32210.238
MinimumVisualStudioVersion = 10.0.40219.1
Project("{9A19103F-16F7-4668-BE54-9A1E7A4F7556}") = "Encrypt001", "Encrypt001\Encrypt001.csproj", "{5D167CB9-98A1-4F2C-9A20-87D48173F80A}"
EndProject
Project("{FAE04EC0-301F-11D3-BF4B-00C04F79EFBC}") = "WindowsFormsControlLibrary1", "WindowsFormsControlLibrary1\WindowsFormsControlLibrary1.csproj", "{8EC4F8FF-70F4-405E-9B25-F00C0859E747}"
EndProject
Global
	GlobalSection(SolutionConfigurationPlatforms) = preSolution
		Debug|Any CPU = Debug|Any CPU
		Release|Any CPU = Release|Any CPU
	EndGlobalSection
	GlobalSection(ProjectConfigurationPlatforms) = postSolution
		{5D167CB9-98A1-4F2C-9A20-87D48173F80A}.Debug|Any CPU.ActiveCfg = Debug|Any CPU
		{5D167CB9-98A1-4F2C-9A20-87D48173F80A}.Debug|Any CPU.Build.0 = Debug|Any CPU
		{5D167CB9-98A1-4F2C-9A20-87D48173F80A}.Release|Any CPU.ActiveCfg = Release|Any CPU
		{5D167CB9-98A1-4F2C-9A20-87D48173F80A}.Release|Any CPU.Build.0 = Release|Any CPU
		{8EC4F8FF-70F4-405E-9B25-F00C0859E747}.Debug|Any CPU.ActiveCfg = Debug|Any CPU
		{8EC4F8FF-70F4-405E-9B25-F00C0859E747}.Debug|Any CPU.Build.0 = Debug|Any CPU
		{8EC4F8FF-70F4-405E-9B25-F00C0859E747}.Release|Any CPU.ActiveCfg = Release|Any CPU
		{8EC4F8FF-70F4-405E-9B25-F00C0859E747}.Release|Any CPU.Build.0 = Release|Any CPU
	EndGlobalSection
	GlobalSection(SolutionProperties) = preSolution
		HideSolutionNode = FALSE
	EndGlobalSection
	GlobalSection(ExtensibilityGlobals) = postSolution
		SolutionGuid = {3B2F1328-98D5-480C-8BBA-A49A44548C77}
	EndGlobalSection
EndGlobal
